{
  "name": "@atlassian/dc.shared.atlassian-analytics.programmatic-analytics",
  "version": "1.0.0",
  "lockfileVersion": 1,
  "requires": true,
  "dependencies": {
    "@atlassian/experiment-analytics": {
      "version": "4.4.4",
      "resolved": "https://packages.atlassian.com/api/npm/atlassian-npm/@atlassian/experiment-analytics/-/@atlassian/experiment-analytics-4.4.4.tgz",
      "integrity": "sha1-f4pfGHOZw3hAxt6jT2POaRneLMo="
    },
    "@atlassian/experiment-cloud-core": {
      "version": "4.0.6",
      "resolved": "https://packages.atlassian.com/api/npm/atlassian-npm/@atlassian/experiment-cloud-core/-/@atlassian/experiment-cloud-core-4.0.6.tgz",
      "integrity": "sha1-zEEoRZUXXYMZwZIe1I6ylKhMLlE=",
      "requires": {
        "@atlassian/experiment-localstorage": "4.0.6",
        "@atlassian/experiment-whatwg-fetch": "4.0.1",
        "yaku": "^0.7.4"
      }
    },
    "@atlassian/experiment-common-core": {
      "version": "4.4.4",
      "resolved": "https://packages.atlassian.com/api/npm/atlassian-npm/@atlassian/experiment-common-core/-/@atlassian/experiment-common-core-4.4.4.tgz",
      "integrity": "sha1-taw7/294ojW1LpliNdbxVLXs3oU=",
      "requires": {
        "path-to-regexp": "^1.2.1"
      }
    },
    "@atlassian/experiment-jira-core": {
      "version": "4.4.4",
      "resolved": "https://packages.atlassian.com/api/npm/atlassian-npm/@atlassian/experiment-jira-core/-/@atlassian/experiment-jira-core-4.4.4.tgz",
      "integrity": "sha1-iIE2r6Jr0B81e8vcCb2a1o6/M5E=",
      "requires": {
        "@atlassian/experiment-analytics": "4.4.4",
        "@atlassian/experiment-cloud-core": "4.4.4",
        "@atlassian/experiment-logger": "4.4.4",
        "@atlassian/experiment-storage": "4.4.4"
      },
      "dependencies": {
        "@atlassian/experiment-cloud-core": {
          "version": "4.4.4",
          "resolved": "https://packages.atlassian.com/api/npm/atlassian-npm/@atlassian/experiment-cloud-core/-/@atlassian/experiment-cloud-core-4.4.4.tgz",
          "integrity": "sha1-y8xUZQxgvYYoB8NDv9YSLbbxfow=",
          "requires": {
            "@atlassian/experiment-localstorage": "4.4.4",
            "@atlassian/experiment-whatwg-fetch": "4.4.4",
            "yaku": "^0.7.4"
          }
        },
        "@atlassian/experiment-localstorage": {
          "version": "4.4.4",
          "resolved": "https://packages.atlassian.com/api/npm/atlassian-npm/@atlassian/experiment-localstorage/-/@atlassian/experiment-localstorage-4.4.4.tgz",
          "integrity": "sha1-rAq34Q9/4I/lR4jyfilcWkpGmqI=",
          "requires": {
            "yaku": "^0.7.4"
          }
        },
        "@atlassian/experiment-whatwg-fetch": {
          "version": "4.4.4",
          "resolved": "https://packages.atlassian.com/api/npm/atlassian-npm/@atlassian/experiment-whatwg-fetch/-/@atlassian/experiment-whatwg-fetch-4.4.4.tgz",
          "integrity": "sha1-t+OOLzUmqjJ9EE3mY8E/EQV04Q0=",
          "requires": {
            "yaku": "^0.7.4"
          }
        }
      }
    },
    "@atlassian/experiment-localstorage": {
      "version": "4.0.6",
      "resolved": "https://packages.atlassian.com/api/npm/atlassian-npm/@atlassian/experiment-localstorage/-/@atlassian/experiment-localstorage-4.0.6.tgz",
      "integrity": "sha1-qYhnLrp8qs98tDiNmm0bL/Zc3wI=",
      "requires": {
        "yaku": "^0.7.4"
      }
    },
    "@atlassian/experiment-logger": {
      "version": "4.4.4",
      "resolved": "https://packages.atlassian.com/api/npm/atlassian-npm/@atlassian/experiment-logger/-/@atlassian/experiment-logger-4.4.4.tgz",
      "integrity": "sha1-o/gn1nVax4ia2gY6j76aFwUHTxk=",
      "requires": {
        "is-error": "^2.2.0",
        "loglevel": "^1.4.0"
      }
    },
    "@atlassian/experiment-storage": {
      "version": "4.4.4",
      "resolved": "https://packages.atlassian.com/api/npm/atlassian-npm/@atlassian/experiment-storage/-/@atlassian/experiment-storage-4.4.4.tgz",
      "integrity": "sha1-ZREw9XCAqbqVt9tI/xWzMDmK6Ls="
    },
    "@atlassian/experiment-whatwg-fetch": {
      "version": "4.0.1",
      "resolved": "https://packages.atlassian.com/api/npm/atlassian-npm/@atlassian/experiment-whatwg-fetch/-/@atlassian/experiment-whatwg-fetch-4.0.1.tgz",
      "integrity": "sha1-Cm8qxc9XzXPQeJhWQ/h2wvcpv+U=",
      "requires": {
        "yaku": "^0.7.4"
      }
    },
    "is-error": {
      "version": "2.2.1",
      "resolved": "https://registry.npmjs.org/is-error/-/is-error-2.2.1.tgz",
      "integrity": "sha1-aEqW2EB2V3yY9M20DG0mpRI78Zw="
    },
    "isarray": {
      "version": "0.0.1",
      "resolved": "https://registry.npmjs.org/isarray/-/isarray-0.0.1.tgz",
      "integrity": "sha1-ihis/Kmo9Bd+Cav8YDiTmwXR7t8="
    },
    "loglevel": {
      "version": "1.6.1",
      "resolved": "https://registry.npmjs.org/loglevel/-/loglevel-1.6.1.tgz",
      "integrity": "sha1-4PyVEztu8nbNyIh82vJKpvFW+Po="
    },
    "path-to-regexp": {
      "version": "1.7.0",
      "resolved": "https://registry.npmjs.org/path-to-regexp/-/path-to-regexp-1.7.0.tgz",
      "integrity": "sha1-Wf3g9DW62suhA6hOnTvGTpa5k30=",
      "requires": {
        "isarray": "0.0.1"
      }
    },
    "rx": {
      "version": "4.0.7",
      "resolved": "https://packages.atlassian.com/api/npm/npm-remote/rx/-/rx-4.0.7.tgz",
      "integrity": "sha512-gyGLT0TVneX2lc65OFgrE0nIQzIAyL+tmp5tPeFI6bqEM6z2V9NoFLlNmsDr5y/RWuKGwOsjKp09Z6xN0zZOeg=="
    },
    "yaku": {
      "version": "0.7.12",
      "resolved": "https://registry.npmjs.org/yaku/-/yaku-0.7.12.tgz",
      "integrity": "sha1-GTsZyQf1drvG+lhc90JRypKpkn4="
    }
  }
}