{
  "name": "@atlassian/dc.jira.jira-workflow-sharing-plugin",
  "version": "3.0.0",
  "lockfileVersion": 2,
  "requires": true,
  "private": true,
  "packages": {
    "": {
      "name": "@atlassian/dc.jira.jira-workflow-sharing-plugin",
      "version": "3.0.0",
      "dependencies": {
        "wfshare-html-sanitizer": "file:src/main/resources/js/wfshare-html-sanitizer"
      },
      "devDependencies": {
        "copy-files-from-to": "^3.11.0"
      }
    },
    "node_modules/wfshare-html-sanitizer": {
      "resolved": "src/main/resources/js/wfshare-html-sanitizer",
      "link": true
    },
    "src/main/resources/js": {
      "version": "1.0.0",
      "license": "Apache-2.0 | Apache License, Version 2.0"
    },
    "src/main/resources/js/wfshare-html-sanitizer": {
      "version": "1.0.0",
      "license": "Apache-2.0 | Apache License, Version 2.0"
    }
  },
  "dependencies": {
    "wfshare-html-sanitizer": {
      "version": "file:src/main/resources/js/wfshare-html-sanitizer"
    }
  }
}