{
  "name": "@atlassian/dc.shared.upm-server.universal-plugin-manager-plugin",
  "lockfileVersion": 3,
  "requires": true,
  "packages": {
    "": {
      "name": "@atlassian/dc.shared.upm-server.universal-plugin-manager-plugin",
      "hasInstallScript": true,
      "dependencies": {
        "almond": "0.2.5",
        "backbone": "1.0.0",
        "backbone-brace": "file:unhosted-deps/backbone-brace",
        "backbone-query-parameters": "file:unhosted-deps/backbone-query-parameters",
        "caja-html-sanitizer": "file:unhosted-deps/caja-html-sanitizer",
        "fancybox": "2.1.5",
        "jquery-hashchange": "1.3.0",
        "jquery.cookie": "file:unhosted-deps/jquery-cookie",
        "underscore": "1.13.4"
      },
      "devDependencies": {
        "copy-files-from-to": "3.11.0",
        "patch-package": "8.0.0"
      }
    },
    "node_modules/almond": {
      "version": "0.2.5",
      "resolved": "https://packages.atlassian.com/api/npm/npm-remote/almond/-/almond-0.2.5.tgz",
      "integrity": "sha512-Y37372p4xHRrlqPIERtDWE+W3gjDnLvMCTZwo2R5q/brF/QIvfC48ABE0uUrbxn6LPeY2FnlnjFIsWZVFwA6gA==",
      "engines": {
        "node": ">=0.4.0"
      }
    },
    "node_modules/backbone": {
      "version": "1.0.0",
      "resolved": "https://packages.atlassian.com/api/npm/npm-remote/backbone/-/backbone-1.0.0.tgz",
      "integrity": "sha512-8rhC3q3npBssGGBArAY5RF4lvIpciCvDY0lHmFrLqOi0/fj5rm25H0DJrJFXPwRnuIzIhQ6eS0j7URAxV3u9hA==",
      "dependencies": {
        "underscore": ">=1.4.3"
      }
    },
    "node_modules/backbone-brace": {
      "resolved": "unhosted-deps/backbone-brace",
      "link": true
    },
    "node_modules/backbone-query-parameters": {
      "resolved": "unhosted-deps/backbone-query-parameters",
      "link": true
    },
    "node_modules/caja-html-sanitizer": {
      "resolved": "unhosted-deps/caja-html-sanitizer",
      "link": true
    },
    "node_modules/fancybox": {
      "version": "2.1.5",
      "resolved": "https://packages.atlassian.com/api/npm/npm-remote/fancybox/-/fancybox-2.1.5.tgz",
      "integrity": "sha512-jI/LDDd6GRb8+wHvVMqlf69zRRlF8QT5cMEBiD92IEIESBQryeKcdNuZMKhHMfL0OF3ZLXj5+OruGtfkdm0YQw=="
    },
    "node_modules/jquery-hashchange": {
      "version": "1.3.0",
      "resolved": "https://packages.atlassian.com/api/npm/npm-remote/jquery-hashchange/-/jquery-hashchange-1.3.0.tgz",
      "integrity": "sha512-ES7SxI+Ylb71EO0MnozLwG1rpqbpv3DflCcKGB9kl0Wg5bxYoMcr7FTRFGpBffpcPEzB7utMunnpQ3WG08Qt1w=="
    },
    "node_modules/jquery.cookie": {
      "resolved": "unhosted-deps/jquery-cookie",
      "link": true
    },
    "node_modules/underscore": {
      "version": "1.13.4",
      "resolved": "https://packages.atlassian.com/api/npm/npm-remote/underscore/-/underscore-1.13.4.tgz",
      "integrity": "sha512-BQFnUDuAQ4Yf/cYY5LNrK9NCJFKriaRbD9uR1fTeXnBeoa97W0i41qkZfGO9pSo8I5KzjAcSY2XYtdf0oKd7KQ=="
    },
    "unhosted-deps/backbone-brace": {
      "version": "0.1.0",
      "license": "Apache-2.0"
    },
    "unhosted-deps/backbone-query-parameters": {
      "version": "0.2.1",
      "license": "BSD-3-Clause"
    },
    "unhosted-deps/caja-html-sanitizer": {
      "version": "0.1.0",
      "license": "Apache-2.0"
    },
    "unhosted-deps/jquery-cookie": {
      "name": "jquery.cookie",
      "version": "1.3.1",
      "license": "MIT"
    }
  }
}