# yarn lockfile v1

chance@0.7.3:
  version "0.7.3"
  resolved "https://packages.atlassian.com/api/npm/npm-remote/chance/-/chance-0.7.3.tgz#dc4b0605424952cb07d4a00c3ab75980eaba172e"
  integrity "sha512-g7CE+rmOEgoNgl4F/sK2fNdBwmZubqoS6qiD67ZxV8mcn2qKWJ1WeIZviqZ2+FQrUoODnSpEgPCi+Bx7kxKgtQ=="
  dependencies:
    minimist "^1.1.0"

"google-closure-library@file:src/main/frontend/unhosted/google-closure-library":
  version "20101129.0.0"

"jquery-ui@file:src/main/frontend/unhosted/jquery-ui":
  version "1.8.0-rc3"

"jquery.cookie@file:src/main/frontend/unhosted/jquery.cookie":
  version "0.0.1"

"json-js@file:src/main/frontend/unhosted/json-js":
  version "0.0.1"

minimist@^1.1.0, minimist@^1.2.6:
  version "1.2.8"
  resolved "https://packages.atlassian.com/api/npm/npm-remote/minimist/-/minimist-1.2.8.tgz#c1a464e7693302e082a075cee0c057741ac4772c"
  integrity "sha512-2yyAR8qBkN3YuheJanUpWC5U3bb5osDywNB8RzDVlDwDHbocAJveqqj1u8+SVD7jkWT4yvsHCpWqqWqAxb0zCA=="
