{
  "name": "@atlassian/dc.confluence-jira-integration-plugins.mywork-common-plugin",
  "version": "1.0.0",
  "lockfileVersion": 3,
  "requires": true,
  "packages": {
    "": {
      "name": "@atlassian/dc.confluence-jira-integration-plugins.mywork-common-plugin",
      "version": "1.0.0",
      "license": "UNLICENSED"
    }
  }
}