{
  "name": "@atlassian/dc.jira.jira-issue-collector",
  "version": "7.0.1",
  "lockfileVersion": 3,
  "requires": true,
  "packages": {
    "": {
      "name": "@atlassian/dc.jira.jira-issue-collector",
      "version": "7.0.1",
      "hasInstallScript": true,
      "dependencies": {
        "jquery-sparkline": "file:src/main/frontend/jquery-sparkline/2.1.2",
        "raphael": "file:src/main/frontend/raphael/1.5.2",
        "raphael-analytics": "file:src/main/frontend/raphael-analytics/1.5.2"
      },
      "devDependencies": {
        "copy-files-from-to": "~3.11.0",
        "patch-package": "8.0.0"
      }
    },
    "node_modules/jquery-sparkline": {
      "resolved": "src/main/frontend/jquery-sparkline/2.1.2",
      "link": true
    },
    "node_modules/raphael": {
      "resolved": "src/main/frontend/raphael/1.5.2",
      "link": true
    },
    "node_modules/raphael-analytics": {
      "resolved": "src/main/frontend/raphael-analytics/1.5.2",
      "link": true
    },
    "src/main/frontend/jquery-sparkline/2.1.2": {
      "name": "jquery-sparkline",
      "version": "2.1.2",
      "license": "BSD-3-Clause"
    },
    "src/main/frontend/raphael-analytics/1.5.2": {
      "name": "raphael-analytics",
      "version": "1.5.2",
      "license": "MIT"
    },
    "src/main/frontend/raphael/1.5.2": {
      "name": "raphael",
      "version": "1.5.2",
      "license": "MIT"
    }
  }
}