{
  "name": "jira-migration-plugin",
  "version": "1.12.0",
  "lockfileVersion": 3,
  "requires": true,
  "packages": {
    "": {
      "name": "jira-migration-plugin",
      "version": "1.12.0",
      "dependencies": {
        "@atlassian/mpt-jira-migration-plugin-ui": "^5.5.1",
        "bowser-ultralight": "file:./bowser-ultralight"
      },
      "devDependencies": {
        "@atlassian/contract-testing-cli": "1.12.1",
        "copy-files-from-to": "3.0.0",
        "postinstall-postinstall": "^2.1.0"
      }
    },
    "bowser-ultralight": {
      "version": "1.0.6",
      "license": "MIT License | (c) Denis Demchenko 2015-2019 OR MIT License | (c) Dustin Diaz 2012-2015"
    },
    "node_modules/@atlassian/mpt-jira-migration-plugin-ui": {
      "version": "5.5.1",
      "resolved": "https://packages.atlassian.com/api/npm/atlassian-npm/@atlassian/mpt-jira-migration-plugin-ui/-/@atlassian/mpt-jira-migration-plugin-ui-5.5.1.tgz",
      "integrity": "sha512-Rwa6OpaUsjqqqH+/NZdiXPeAxdbZBEjjyufGv+mmQohS6NYot61qp/o2z1eAtQctq5yDU+mfTSmc1Gv7jKAMLQ==",
      "license": "UNLICENSED",
      "engines": {
        "node": "^16.17.1",
        "yarn": "^1.22.19"
      }
    },
    "node_modules/bowser-ultralight": {
      "resolved": "bowser-ultralight",
      "link": true
    }
  }
}