{
  "name": "atlassian-plugins-jquery",
  "version": "1.0.0",
  "lockfileVersion": 2,
  "requires": true,
  "packages": {
    "": {
      "name": "atlassian-plugins-jquery",
      "version": "1.0.0",
      "hasInstallScript": true,
      "license": "MIT",
      "dependencies": {
        "jquery": "2.2.4",
        "jquery-migrate": "1.4.1",
        "jquery.browser": "file:src/main/frontend/jquery.browser"
      },
      "devDependencies": {
        "chalk": "4.1.2",
        "copy-files-from-to": "^3.9.1",
        "husky": "^5.1.3",
        "jest": "27.0.6",
        "jsdom": "^16.6.0",
        "mkdirp": "^1.0.4",
        "npm-run-all2": "5.0.0",
        "patch-package": "6.4.7",
        "uglify-js": "3.7.7"
      },
      "engines": {
        "node": ">=14.16.0"
      }
    },
    "node_modules/jquery": {
      "version": "2.2.4",
      "resolved": "https://packages.atlassian.com/api/npm/npm-remote/jquery/-/jquery-2.2.4.tgz",
      "integrity": "sha1-LInWiJterFIqfuoywUUhVZxsvwI=",
      "license": "MIT"
    },
    "node_modules/jquery-migrate": {
      "version": "1.4.1",
      "resolved": "https://packages.atlassian.com/api/npm/npm-remote/jquery-migrate/-/jquery-migrate-1.4.1.tgz",
      "integrity": "sha1-hRUvPsmalWJfT30Lz2LpuGOPWnY=",
      "license": "MIT"
    },
    "node_modules/jquery.browser": {
      "resolved": "src/main/frontend/jquery.browser",
      "link": true
    },
    "src/main/frontend/jquery.browser": {
      "version": "0.1.0",
      "license": "MIT"
    }
  },
  "dependencies": {
    "jquery": {
      "version": "2.2.4",
      "resolved": "https://packages.atlassian.com/api/npm/npm-remote/jquery/-/jquery-2.2.4.tgz",
      "integrity": "sha1-LInWiJterFIqfuoywUUhVZxsvwI="
    },
    "jquery-migrate": {
      "version": "1.4.1",
      "resolved": "https://packages.atlassian.com/api/npm/npm-remote/jquery-migrate/-/jquery-migrate-1.4.1.tgz",
      "integrity": "sha1-hRUvPsmalWJfT30Lz2LpuGOPWnY="
    },
    "jquery.browser": {
      "version": "file:src/main/frontend/jquery.browser"
    }
  }
}