# yarn lockfile v1

"@atlassian/backbone-brace@^1.3.0":
  version "1.3.0"
  resolved "https://packages.atlassian.com/api/npm/atlassian-npm/@atlassian/backbone-brace/-/backbone-brace-1.3.0.tgz#7ae6b2b8c8c38a3a3dca9c899efa52527680d9df"
  integrity "sha512-13/m/TcE+ef+WIvehnQY1KsihupPM+JuFNzHry2iKQvx9DLxWmBCIiD6PHXBmPJp2KXeYPeP6lKaM/DsvQh+LA=="

fastclick@^1.0.6:
  version "1.0.6"
  resolved "https://packages.atlassian.com/api/npm/npm-remote/fastclick/-/fastclick-1.0.6.tgz#161625b27b1a5806405936bda9a2c1926d06be6a"
  integrity "sha512-cXyDBT4g0uWl/Xe75QspBDAgAWQ0lkPi/zgp6YFEUHj6WV6VIZl7R6TiDZhdOVU3W4ehp/8tG61Jev1jit+ztQ=="

simply-deferred@1.2.1:
  version "1.2.1"
  resolved "https://packages.atlassian.com/api/npm/npm-remote/simply-deferred/-/simply-deferred-1.2.1.tgz#57a787f8fd3d8601381fdc2a18278fa4a781926b"
  integrity "sha512-d6VusXexzEk1AeUxzlkBjfGFIpF+W4zrvVR2Sd3osW/IEoEY/4u4OYNdG4kRD4/VTsmrIcmHw+U/NdOr2QeoEQ=="

"zepto.cookie@file:src/main/frontend/Zepto-Cookie/1.1.0":
  version "1.1.0"

"zepto.data@file:src/main/frontend/zepto.data/1.0.0":
  version "1.0.0"

zepto@1.0.0:
  version "1.0.0"
  resolved "https://packages.atlassian.com/api/npm/npm-remote/zepto/-/zepto-1.0.0.tgz#7fd31c782144b5a99f5f66d4a184a6824e69f14f"
  integrity "sha512-FPM/NSjt84Jno5KvCBd1pNgbjZC8fveth9Ffh5sbD3V1P5s7qDCMaORTEQ04w06g6baDawvdYDUjnmLvwgxSJg=="
