{
  "name": "atlassian-jslibs",
  "lockfileVersion": 3,
  "requires": true,
  "packages": {
    "": {
      "name": "atlassian-jslibs",
      "hasInstallScript": true,
      "license": "BSD-3-Clause",
      "dependencies": {
        "backbone-1.0.0": "npm:backbone@1.0.0",
        "backbone-1.3.3": "npm:backbone@1.3.3",
        "backbone-1.4.1": "npm:backbone@1.4.1",
        "backbone-1.6.0": "npm:backbone@1.6.0",
        "backbone.brace-1.1.0": "https://bitbucket.org/atlassian/backbone-brace/src/1.1.0/",
        "backbone.cocktail": "file:src/main/frontend/cocktail/0.3.0",
        "backbone.marionette-1.4.1": "file:src/main/frontend/marionette/1.4.1",
        "backbone.marionette-1.6.4": "npm:backbone.marionette@1.6.4",
        "backbone.marionette-2.1.0": "npm:backbone.marionette@2.1.0",
        "backbone.marionette-3.1.0": "npm:backbone.marionette@3.1.0",
        "backbone.marionette-4.1.2": "npm:backbone.marionette@4.1.2",
        "backbone.paginator-2.0.2": "npm:backbone.paginator@2.0.2",
        "backbone.radio": "2.0.0",
        "bluebird": "2.3.6",
        "chance": "0.5.4",
        "d3-3.5.5": "npm:d3@3.5.5",
        "dompurify": "3.0.11",
        "echarts": "4.6.0",
        "eve": "0.2.4",
        "flot": "file:src/main/frontend/jquery.flot/0.7",
        "javascript-detect-element-resize": "file:src/main/frontend/javascript-detect-element-resize/0.5.1",
        "jquery-aop": "file:src/main/frontend/jquery-aop/1.3",
        "jquery-misc": "file:src/main/frontend/jquery.serializeobject/0.2",
        "jquery-pjax": "file:src/main/frontend/jquery.pjax/2011.07.10",
        "jquery-ui": "file:src/main/frontend/jquery.effects/1.8rc3",
        "jquery.dragtable": "file:src/main/frontend/jquery.dragtable/2.0.4",
        "jquery.scrollintoview": "file:src/main/frontend/jquery.scrollintoview/1.8",
        "jquery.text-overflow": "file:src/main/frontend/jquery.text-overflow/0.7.4",
        "keymaster": "1.6.2",
        "lazyload": "file:src/main/frontend/jquery.lazyload/1.8.0",
        "marionette.approuter": "1.0.1",
        "moment-2.29.4": "npm:moment@2.29.4",
        "raphael": "2.1.0",
        "react-16.8.6": "npm:react@16.8.6",
        "react-18.3": "npm:react@18.3.1",
        "react-dom-16.8.6": "npm:react-dom@16.8.6",
        "react-dom-18.3": "npm:react-dom@18.3.1",
        "shifty": "file:src/main/frontend/shifty/0.6.1",
        "skatejs-0.12.5": "npm:skatejs@0.12.5",
        "skatejs-0.12.6": "npm:skatejs@0.12.6",
        "skatejs-0.12.7": "npm:skatejs@0.12.7",
        "skatejs-0.13.17": "npm:skatejs@0.13.17",
        "skatejs-0.14.0": "npm:skatejs@0.14.0",
        "underscore-1.13": "npm:underscore@1.13.6",
        "underscore-1.4.4": "npm:underscore@1.4.4",
        "underscore-1.5.2": "npm:underscore@1.5.2",
        "underscore-1.8.3": "npm:underscore@1.8.3",
        "urijs": "file:src/main/frontend/uri/1.14.1"
      },
      "devDependencies": {
        "copy-files-from-to": "3.11.0",
        "patch-package": "8.0.0"
      }
    },
    "node_modules/backbone": {
      "version": "1.3.3",
      "resolved": "https://packages.atlassian.com/api/npm/npm-remote/backbone/-/backbone-1.3.3.tgz",
      "integrity": "sha512-aK+k3TiU4tQDUrRCymDDE7XDFnMVuyE6zbZ4JX7mb4pJbQTVOH997/kyBzb8wB2s5Y/Oh7EUfj+sZhwRPxWwow==",
      "dependencies": {
        "underscore": ">=1.8.3"
      }
    },
    "node_modules/backbone-1.0.0": {
      "name": "backbone",
      "version": "1.0.0",
      "resolved": "https://packages.atlassian.com/api/npm/npm-remote/backbone/-/backbone-1.0.0.tgz",
      "integrity": "sha512-8rhC3q3npBssGGBArAY5RF4lvIpciCvDY0lHmFrLqOi0/fj5rm25H0DJrJFXPwRnuIzIhQ6eS0j7URAxV3u9hA==",
      "dependencies": {
        "underscore": ">=1.4.3"
      }
    },
    "node_modules/backbone-1.3.3": {
      "name": "backbone",
      "version": "1.3.3",
      "resolved": "https://packages.atlassian.com/api/npm/npm-remote/backbone/-/backbone-1.3.3.tgz",
      "integrity": "sha512-aK+k3TiU4tQDUrRCymDDE7XDFnMVuyE6zbZ4JX7mb4pJbQTVOH997/kyBzb8wB2s5Y/Oh7EUfj+sZhwRPxWwow==",
      "dependencies": {
        "underscore": ">=1.8.3"
      }
    },
    "node_modules/backbone-1.4.1": {
      "name": "backbone",
      "version": "1.4.1",
      "resolved": "https://packages.atlassian.com/api/npm/npm-remote/backbone/-/backbone-1.4.1.tgz",
      "integrity": "sha512-ADy1ztN074YkWbHi8ojJVFe3vAanO/lrzMGZWUClIP7oDD/Pjy2vrASraUP+2EVCfIiTtCW4FChVow01XneivA==",
      "dependencies": {
        "underscore": ">=1.8.3"
      }
    },
    "node_modules/backbone-1.6.0": {
      "name": "backbone",
      "version": "1.6.0",
      "resolved": "https://packages.atlassian.com/api/npm/npm-remote/backbone/-/backbone-1.6.0.tgz",
      "integrity": "sha512-13PUjmsgw/49EowNcQvfG4gmczz1ximTMhUktj0Jfrjth0MVaTxehpU+qYYX4MxnuIuhmvBLC6/ayxuAGnOhbA==",
      "dependencies": {
        "underscore": ">=1.8.3"
      }
    },
    "node_modules/backbone.babysitter": {
      "version": "0.1.12",
      "resolved": "https://packages.atlassian.com/api/npm/npm-remote/backbone.babysitter/-/backbone.babysitter-0.1.12.tgz",
      "integrity": "sha512-1zhTnN/QrnbUWrptAxKYL+ABEeyNPbr654PErBNxIYjKbktEcPeZz/dojcP3Id5PUCO/ldo334yTywNcpGl/oA==",
      "dependencies": {
        "backbone": ">=0.9.9 <=1.3.x",
        "underscore": ">=1.4.0 <=1.8.3"
      }
    },
    "node_modules/backbone.brace-1.1.0": {
      "name": "backbone-brace",
      "version": "1.1.0",
      "resolved": "git+ssh://git@bitbucket.org/atlassian/backbone-brace.git#8c8053b9200b7ce3b3220326e50e423d2c751e19"
    },
    "node_modules/backbone.cocktail": {
      "resolved": "src/main/frontend/cocktail/0.3.0",
      "link": true
    },
    "node_modules/backbone.marionette": {
      "version": "4.0.0-beta.1",
      "resolved": "https://packages.atlassian.com/api/npm/npm-remote/backbone.marionette/-/backbone.marionette-4.0.0-beta.1.tgz",
      "integrity": "sha512-h7KZocM/MxblcyjWO4e8EFFzx9tiDSJk0pfZfH2QjJKsyY0hT+BktkGYHOzZ6e+vdTH6VQQRi8znBn2+U3nmvA==",
      "dependencies": {
        "backbone.radio": "^2.0.0"
      },
      "peerDependencies": {
        "backbone": "~1.3.3",
        "underscore": ">= 1.8.3 <= 1.9.x"
      }
    },
    "node_modules/backbone.marionette-1.4.1": {
      "resolved": "src/main/frontend/marionette/1.4.1",
      "link": true
    },
    "node_modules/backbone.marionette-1.6.4": {
      "name": "backbone.marionette",
      "version": "1.6.4",
      "resolved": "https://packages.atlassian.com/api/npm/npm-remote/backbone.marionette/-/backbone.marionette-1.6.4.tgz",
      "integrity": "sha512-7W0sbzQvLHTuOJOw9GjYlZo2cjpkutm585hVX+WIwOomU1IvAXKMjscowdMPf5KdGUX0oDieQ61u/jmjhbM5kQ==",
      "dependencies": {
        "backbone": "1.0.0 - 1.1.2",
        "backbone.babysitter": "~0.1.0",
        "backbone.wreqr": "~1.0.0",
        "jquery": "1.8.0 - 1.11.0",
        "underscore": "1.4.4 - 1.6.0"
      }
    },
    "node_modules/backbone.marionette-1.6.4/node_modules/backbone": {
      "version": "1.1.2",
      "resolved": "https://packages.atlassian.com/api/npm/npm-remote/backbone/-/backbone-1.1.2.tgz",
      "integrity": "sha512-bdiYFVF+mXQ3712Urje2uvYClLPXOd2jsvp8AHlPyMKqpHRPCmCxZf099kCRadhA2sMxp761XB2aZ0/HYF4fDg==",
      "dependencies": {
        "underscore": ">=1.5.0"
      }
    },
    "node_modules/backbone.marionette-1.6.4/node_modules/underscore": {
      "version": "1.6.0",
      "resolved": "https://packages.atlassian.com/api/npm/npm-remote/underscore/-/underscore-1.6.0.tgz",
      "integrity": "sha512-z4o1fvKUojIWh9XuaVLUDdf86RQiq13AC1dmHbTpoyuu+bquHms76v16CjycCbec87J7z0k//SiQVk0sMdFmpQ=="
    },
    "node_modules/backbone.marionette-2.1.0": {
      "name": "backbone.marionette",
      "version": "2.1.0",
      "resolved": "https://packages.atlassian.com/api/npm/npm-remote/backbone.marionette/-/backbone.marionette-2.1.0.tgz",
      "integrity": "sha512-04amIUEE9rWIQ6Do8TGHmTju6OByBxP/fkgsOtcmsDovDCUFPVLXJGEasbDFy1chL8xs4xix+ESrumd23/PR5Q==",
      "dependencies": {
        "backbone": "1.0.0 - 1.1.2",
        "backbone.babysitter": "^0.1.0",
        "backbone.wreqr": "^1.0.0",
        "underscore": "1.4.4 - 1.6.0"
      }
    },
    "node_modules/backbone.marionette-2.1.0/node_modules/backbone": {
      "version": "1.1.2",
      "resolved": "https://packages.atlassian.com/api/npm/npm-remote/backbone/-/backbone-1.1.2.tgz",
      "integrity": "sha512-bdiYFVF+mXQ3712Urje2uvYClLPXOd2jsvp8AHlPyMKqpHRPCmCxZf099kCRadhA2sMxp761XB2aZ0/HYF4fDg==",
      "dependencies": {
        "underscore": ">=1.5.0"
      }
    },
    "node_modules/backbone.marionette-2.1.0/node_modules/underscore": {
      "version": "1.6.0",
      "resolved": "https://packages.atlassian.com/api/npm/npm-remote/underscore/-/underscore-1.6.0.tgz",
      "integrity": "sha512-z4o1fvKUojIWh9XuaVLUDdf86RQiq13AC1dmHbTpoyuu+bquHms76v16CjycCbec87J7z0k//SiQVk0sMdFmpQ=="
    },
    "node_modules/backbone.marionette-3.1.0": {
      "name": "backbone.marionette",
      "version": "3.1.0",
      "resolved": "https://packages.atlassian.com/api/npm/npm-remote/backbone.marionette/-/backbone.marionette-3.1.0.tgz",
      "integrity": "sha512-acqZbqqzwFRl4EHFdIuPWp9k4+F0dhvQQZ12JjlFlw/kOlPQHlKPF1P6ivJZipEMhZ2plVk6pzLjjypqiqebIA==",
      "dependencies": {
        "backbone.radio": "^2.0.0"
      }
    },
    "node_modules/backbone.marionette-4.1.2": {
      "name": "backbone.marionette",
      "version": "4.1.2",
      "resolved": "https://packages.atlassian.com/api/npm/npm-remote/backbone.marionette/-/backbone.marionette-4.1.2.tgz",
      "integrity": "sha512-T8wWxZZnuYjylONTnWZsGsgXtdx2ZrE38pZWJI9LmPqzYK5j0T8uduapFO7OEpsW5rtdbBgwof30xhzAkbb5eQ==",
      "dependencies": {
        "backbone.radio": "^2.0.0"
      }
    },
    "node_modules/backbone.paginator-2.0.2": {
      "name": "backbone.paginator",
      "version": "2.0.2",
      "resolved": "https://packages.atlassian.com/api/npm/npm-remote/backbone.paginator/-/backbone.paginator-2.0.2.tgz",
      "integrity": "sha512-MBO+Zb54/p1XR3tIz/dQysVLwmZRcdRm0qzeazjMXhToKy8g8WBd+bI6Ab/Y6d1RdPJlU2Md9TTJMcUcwgQBPA==",
      "dependencies": {
        "backbone": "^1.1.2",
        "underscore": "^1.5.0"
      }
    },
    "node_modules/backbone.radio": {
      "version": "2.0.0",
      "resolved": "https://packages.atlassian.com/api/npm/npm-remote/backbone.radio/-/backbone.radio-2.0.0.tgz",
      "integrity": "sha1-u+hnKzc+MT+Z820vvPWD/nfQT0I=",
      "peerDependencies": {
        "backbone": "^1.3.3",
        "underscore": "^1.8.3"
      }
    },
    "node_modules/backbone.wreqr": {
      "version": "1.0.1",
      "resolved": "https://packages.atlassian.com/api/npm/npm-remote/backbone.wreqr/-/backbone.wreqr-1.0.1.tgz",
      "integrity": "sha512-re9N9ydS/svi1/Jx7fdIjRycGOJmV3d4FvUYk8L4jOmpU8IphWe8Nw9/xblPtCEiGPyt4M9EmKOCDejfLaxkTQ==",
      "dependencies": {
        "backbone": ">=0.9.9 <=1.1.2",
        "underscore": ">=1.3.3 <=1.6.0"
      }
    },
    "node_modules/backbone.wreqr/node_modules/backbone": {
      "version": "1.1.2",
      "resolved": "https://packages.atlassian.com/api/npm/npm-remote/backbone/-/backbone-1.1.2.tgz",
      "integrity": "sha512-bdiYFVF+mXQ3712Urje2uvYClLPXOd2jsvp8AHlPyMKqpHRPCmCxZf099kCRadhA2sMxp761XB2aZ0/HYF4fDg==",
      "dependencies": {
        "underscore": ">=1.5.0"
      }
    },
    "node_modules/backbone.wreqr/node_modules/underscore": {
      "version": "1.6.0",
      "resolved": "https://packages.atlassian.com/api/npm/npm-remote/underscore/-/underscore-1.6.0.tgz",
      "integrity": "sha512-z4o1fvKUojIWh9XuaVLUDdf86RQiq13AC1dmHbTpoyuu+bquHms76v16CjycCbec87J7z0k//SiQVk0sMdFmpQ=="
    },
    "node_modules/bluebird": {
      "version": "2.3.6",
      "resolved": "https://packages.atlassian.com/api/npm/npm-remote/bluebird/-/bluebird-2.3.6.tgz",
      "integrity": "sha1-qgkKKcG/vAEIlgk1j0scN2g1Ffk="
    },
    "node_modules/chance": {
      "version": "0.5.4",
      "resolved": "https://packages.atlassian.com/api/npm/npm-remote/chance/-/chance-0.5.4.tgz",
      "integrity": "sha1-ftc2ABfsqvAjhDEf+kDhHPGbSvE="
    },
    "node_modules/d3-3.5.5": {
      "name": "d3",
      "version": "3.5.5",
      "resolved": "https://packages.atlassian.com/api/npm/npm-remote/d3/-/d3-3.5.5.tgz",
      "integrity": "sha512-JPx0wEFxcYVcCZXgUbsy8NzVzD3zKat1KLtdCeOHPsmrpFlc09nr2/5Ls9ey7mo8SV6cWew0piLrmPVybj9I8w=="
    },
    "node_modules/dompurify": {
      "version": "3.0.11",
      "resolved": "https://packages.atlassian.com/api/npm/npm-remote/dompurify/-/dompurify-3.0.11.tgz",
      "integrity": "sha512-Fan4uMuyB26gFV3ovPoEoQbxRRPfTu3CvImyZnhGq5fsIEO+gEFLp45ISFt+kQBWsK5ulDdT0oV28jS1UrwQLg=="
    },
    "node_modules/echarts": {
      "version": "4.6.0",
      "resolved": "https://packages.atlassian.com/api/npm/npm-remote/echarts/-/echarts-4.6.0.tgz",
      "integrity": "sha1-taR6EEbOyTzu75VPnuVHUTQFWOw=",
      "dependencies": {
        "zrender": "4.2.0"
      }
    },
    "node_modules/eve": {
      "version": "0.2.4",
      "resolved": "https://packages.atlassian.com/api/npm/npm-remote/eve/-/eve-0.2.4.tgz",
      "integrity": "sha1-YyRllJe8z5u3lCA9fYo10+dPgCA=",
      "engines": {
        "node": "*"
      }
    },
    "node_modules/flot": {
      "resolved": "src/main/frontend/jquery.flot/0.7",
      "link": true
    },
    "node_modules/javascript-detect-element-resize": {
      "resolved": "src/main/frontend/javascript-detect-element-resize/0.5.1",
      "link": true
    },
    "node_modules/jquery": {
      "version": "1.11.0",
      "resolved": "https://packages.atlassian.com/api/npm/npm-remote/jquery/-/jquery-1.11.0.tgz",
      "integrity": "sha512-hfN15gXeUqsx3HxHrHYzVzfWayuGwrCMONhvexiaIV/aUlLqC8Im+G7KrKTPkHzD7HCgeAaQ7VeHRn3Dlve8Hg=="
    },
    "node_modules/jquery-aop": {
      "resolved": "src/main/frontend/jquery-aop/1.3",
      "link": true
    },
    "node_modules/jquery-misc": {
      "resolved": "src/main/frontend/jquery.serializeobject/0.2",
      "link": true
    },
    "node_modules/jquery-pjax": {
      "resolved": "src/main/frontend/jquery.pjax/2011.07.10",
      "link": true
    },
    "node_modules/jquery-ui": {
      "resolved": "src/main/frontend/jquery.effects/1.8rc3",
      "link": true
    },
    "node_modules/jquery.dragtable": {
      "resolved": "src/main/frontend/jquery.dragtable/2.0.4",
      "link": true
    },
    "node_modules/jquery.scrollintoview": {
      "resolved": "src/main/frontend/jquery.scrollintoview/1.8",
      "link": true
    },
    "node_modules/jquery.text-overflow": {
      "resolved": "src/main/frontend/jquery.text-overflow/0.7.4",
      "link": true
    },
    "node_modules/js-tokens": {
      "version": "4.0.0",
      "resolved": "https://packages.atlassian.com/api/npm/npm-remote/js-tokens/-/js-tokens-4.0.0.tgz",
      "integrity": "sha1-GSA/tZmR35jjoocFDUZHzerzJJk="
    },
    "node_modules/keymaster": {
      "version": "1.6.2",
      "resolved": "https://packages.atlassian.com/api/npm/npm-remote/keymaster/-/keymaster-1.6.2.tgz",
      "integrity": "sha1-4a5U0OqUiPn2C2a2aPAumhlGxus="
    },
    "node_modules/lazyload": {
      "resolved": "src/main/frontend/jquery.lazyload/1.8.0",
      "link": true
    },
    "node_modules/loose-envify": {
      "version": "1.4.0",
      "resolved": "https://packages.atlassian.com/api/npm/npm-remote/loose-envify/-/loose-envify-1.4.0.tgz",
      "integrity": "sha1-ce5R+nvkyuwaY4OffmgtgTLTDK8=",
      "dependencies": {
        "js-tokens": "^3.0.0 || ^4.0.0"
      },
      "bin": {
        "loose-envify": "cli.js"
      }
    },
    "node_modules/marionette.approuter": {
      "version": "1.0.1",
      "resolved": "https://packages.atlassian.com/api/npm/npm-remote/marionette.approuter/-/marionette.approuter-1.0.1.tgz",
      "integrity": "sha512-+NrBCUM2JN0vfyB0tcKN372YQFsNu3h7ugCsR2fyp68u5c55mXY7GRCkTFX2idY0+a+tyY6T6dgJOsNJCKZg4w==",
      "dependencies": {
        "backbone.marionette": "^4.0.0, 4.0.0-beta.1"
      },
      "peerDependencies": {
        "backbone": "~1.3.3",
        "underscore": "~1.8.3"
      }
    },
    "node_modules/moment-2.29.4": {
      "name": "moment",
      "version": "2.29.4",
      "resolved": "https://packages.atlassian.com/api/npm/npm-remote/moment/-/moment-2.29.4.tgz",
      "integrity": "sha512-5LC9SOxjSc2HF6vO2CyuTDNivEdoz2IvyJJGj6X8DJ0eFyfszE0QiEd+iXmBvUP3WHxSjFH/vIsA0EN00cgr8w=="
    },
    "node_modules/object-assign": {
      "version": "4.1.1",
      "resolved": "https://packages.atlassian.com/api/npm/npm-remote/object-assign/-/object-assign-4.1.1.tgz",
      "integrity": "sha1-IQmtx5ZYh8/AXLvUQsrIv7s2CGM=",
      "engines": {
        "node": ">=0.10.0"
      }
    },
    "node_modules/prop-types": {
      "version": "15.7.2",
      "resolved": "https://packages.atlassian.com/api/npm/npm-remote/prop-types/-/prop-types-15.7.2.tgz",
      "integrity": "sha1-UsQedbjIfnK52TYOAga5ncv/psU=",
      "dependencies": {
        "loose-envify": "^1.4.0",
        "object-assign": "^4.1.1",
        "react-is": "^16.8.1"
      }
    },
    "node_modules/raphael": {
      "version": "2.1.0",
      "resolved": "https://packages.atlassian.com/api/npm/npm-remote/raphael/-/raphael-2.1.0.tgz",
      "integrity": "sha1-nOpQfOm/3wrx1+DmsaOwLqUD7Js=",
      "dependencies": {
        "eve": "git://github.com/adobe-webplatform/eve.git#eef80ed"
      }
    },
    "node_modules/raphael/node_modules/eve": {
      "version": "0.4.1",
      "resolved": "git+ssh://git@github.com/adobe-webplatform/eve.git#eef80ed8d188423c2272746fb8ae5cc8dad84cb1",
      "integrity": "sha512-gecEtYuCcmV0OKJI2aU16CMwD4FCnHY1Yiqc+Nn/QZP3dcy1gU9S/9DOciqltX8GdUIHnCg8388iKQfSoCwo7Q=="
    },
    "node_modules/react-16.8.6": {
      "name": "react",
      "version": "16.8.6",
      "resolved": "https://packages.atlassian.com/api/npm/npm-remote/react/-/react-16.8.6.tgz",
      "integrity": "sha512-pC0uMkhLaHm11ZSJULfOBqV4tIZkx87ZLvbbQYunNixAAvjnC+snJCg0XQXn9VIsttVsbZP/H/ewzgsd5fxKXw==",
      "dependencies": {
        "loose-envify": "^1.1.0",
        "object-assign": "^4.1.1",
        "prop-types": "^15.6.2",
        "scheduler": "^0.13.6"
      }
    },
    "node_modules/react-18.3": {
      "name": "react",
      "version": "18.3.1",
      "resolved": "https://packages.atlassian.com/api/npm/npm-remote/react/-/react-18.3.1.tgz",
      "integrity": "sha512-wS+hAgJShR0KhEvPJArfuPVN1+Hz1t0Y6n5jLrGQbkb4urgPE/0Rve+1kMB1v/oWgHgm4WIcV+i7F2pTVj+2iQ==",
      "dependencies": {
        "loose-envify": "^1.1.0"
      }
    },
    "node_modules/react-dom-16.8.6": {
      "name": "react-dom",
      "version": "16.8.6",
      "resolved": "https://packages.atlassian.com/api/npm/npm-remote/react-dom/-/react-dom-16.8.6.tgz",
      "integrity": "sha512-1nL7PIq9LTL3fthPqwkvr2zY7phIPjYrT0jp4HjyEQrEROnw4dG41VVwi/wfoCneoleqrNX7iAD+pXebJZwrwA==",
      "dependencies": {
        "loose-envify": "^1.1.0",
        "object-assign": "^4.1.1",
        "prop-types": "^15.6.2",
        "scheduler": "^0.13.6"
      }
    },
    "node_modules/react-dom-18.3": {
      "name": "react-dom",
      "version": "18.3.1",
      "resolved": "https://packages.atlassian.com/api/npm/npm-remote/react-dom/-/react-dom-18.3.1.tgz",
      "integrity": "sha512-5m4nQKp+rZRb09LNH59GM4BxTh9251/ylbKIbpe7TpGxfJ+9kv6BLkLBXIjjspbgbnIBNqlI23tRnTWT0snUIw==",
      "dependencies": {
        "loose-envify": "^1.1.0",
        "scheduler": "^0.23.2"
      }
    },
    "node_modules/react-dom-18.3/node_modules/scheduler": {
      "version": "0.23.2",
      "resolved": "https://packages.atlassian.com/api/npm/npm-remote/scheduler/-/scheduler-0.23.2.tgz",
      "integrity": "sha512-UOShsPwz7NrMUqhR6t0hWjFduvOzbtv7toDH1/hIrfRNIDBnnBWd0CwJTGvTpngVlmwGCdP9/Zl/tVrDqcuYzQ==",
      "dependencies": {
        "loose-envify": "^1.1.0"
      }
    },
    "node_modules/react-is": {
      "version": "16.13.1",
      "resolved": "https://packages.atlassian.com/api/npm/npm-remote/react-is/-/react-is-16.13.1.tgz",
      "integrity": "sha1-eJcppNw23imZ3BVt1sHZwYzqVqQ="
    },
    "node_modules/scheduler": {
      "version": "0.13.6",
      "resolved": "https://packages.atlassian.com/api/npm/npm-remote/scheduler/-/scheduler-0.13.6.tgz",
      "integrity": "sha1-RmpOwzJGezGpG5v3TlNHBy5M2Ik=",
      "dependencies": {
        "loose-envify": "^1.1.0",
        "object-assign": "^4.1.1"
      }
    },
    "node_modules/shifty": {
      "resolved": "src/main/frontend/shifty/0.6.1",
      "link": true
    },
    "node_modules/skatejs-0.12.5": {
      "name": "skatejs",
      "version": "0.12.5",
      "resolved": "https://packages.atlassian.com/api/npm/npm-remote/skatejs/-/skatejs-0.12.5.tgz",
      "integrity": "sha512-9sBSWDKcBYDBlcG9imEaxJ2ckFfBPxkPOGtoK/T5f4sfbBXyKCaN0mfwcNdq2QM81hPIdse+wULw7dzwO3QLng=="
    },
    "node_modules/skatejs-0.12.6": {
      "name": "skatejs",
      "version": "0.12.6",
      "resolved": "https://packages.atlassian.com/api/npm/npm-remote/skatejs/-/skatejs-0.12.6.tgz",
      "integrity": "sha512-VfPnv6h1mcq+e4qGluevY3wMfdVB6N9xjyZucYEbLi1W5jN/ASm7RPwKR2yYBehirvexBoM8sfUjcJoIcqBGIQ=="
    },
    "node_modules/skatejs-0.12.7": {
      "name": "skatejs",
      "version": "0.12.7",
      "resolved": "https://packages.atlassian.com/api/npm/npm-remote/skatejs/-/skatejs-0.12.7.tgz",
      "integrity": "sha512-sp3Zb2vkyACYUqb8BVRLNlwby/0R/OAZ1y1JtPX7RzXLU6NgO6moLzSrEC8FlGIn22y1lYkrnVnLJc77jUINCg=="
    },
    "node_modules/skatejs-0.13.17": {
      "name": "skatejs",
      "version": "0.13.17",
      "resolved": "https://packages.atlassian.com/api/npm/npm-remote/skatejs/-/skatejs-0.13.17.tgz",
      "integrity": "sha512-2JQHMYYtiWfqaeDlWE2wga/W61mG/DleviTsWXpO9IgrtdclQ+z3MXV2UZC696SnqE6XgAO10+ZnyRnCdEtC4A=="
    },
    "node_modules/skatejs-0.14.0": {
      "name": "skatejs",
      "version": "0.14.0",
      "resolved": "https://packages.atlassian.com/api/npm/npm-remote/skatejs/-/skatejs-0.14.0.tgz",
      "integrity": "sha512-CaXdpZrC9y5RaES8kfNC715D3QzATPbTRroP/Wxien5TSUcprXLavm0seyHqwnp1BDoBhoyjamvX/tX57KOP3w==",
      "dependencies": {
        "object-assign": "^4.0.1"
      }
    },
    "node_modules/underscore": {
      "version": "1.8.3",
      "resolved": "https://packages.atlassian.com/api/npm/npm-remote/underscore/-/underscore-1.8.3.tgz",
      "integrity": "sha512-5WsVTFcH1ut/kkhAaHf4PVgI8c7++GiVcpCGxPouI6ZVjsqPnSDf8h/8HtVqc0t4fzRXwnMK70EcZeAs3PIddg=="
    },
    "node_modules/underscore-1.13": {
      "name": "underscore",
      "version": "1.13.6",
      "resolved": "https://packages.atlassian.com/api/npm/npm-remote/underscore/-/underscore-1.13.6.tgz",
      "integrity": "sha512-+A5Sja4HP1M08MaXya7p5LvjuM7K6q/2EaC0+iovj/wOcMsTzMvDFbasi/oSapiwOlt252IqsKqPjCl7huKS0A=="
    },
    "node_modules/underscore-1.4.4": {
      "name": "underscore",
      "version": "1.4.4",
      "resolved": "https://packages.atlassian.com/api/npm/npm-remote/underscore/-/underscore-1.4.4.tgz",
      "integrity": "sha512-ZqGrAgaqqZM7LGRzNjLnw5elevWb5M8LEoDMadxIW3OWbcv72wMMgKdwOKpd5Fqxe8choLD8HN3iSj3TUh/giQ=="
    },
    "node_modules/underscore-1.5.2": {
      "name": "underscore",
      "version": "1.5.2",
      "resolved": "https://packages.atlassian.com/api/npm/npm-remote/underscore/-/underscore-1.5.2.tgz",
      "integrity": "sha512-yejOFsRnTJs0N9CK5Apzf6maDO2djxGoLLrlZlvGs2o9ZQuhIhDL18rtFyy4FBIbOkzA6+4hDgXbgz5EvDQCXQ=="
    },
    "node_modules/underscore-1.8.3": {
      "name": "underscore",
      "version": "1.8.3",
      "resolved": "https://packages.atlassian.com/api/npm/npm-remote/underscore/-/underscore-1.8.3.tgz",
      "integrity": "sha512-5WsVTFcH1ut/kkhAaHf4PVgI8c7++GiVcpCGxPouI6ZVjsqPnSDf8h/8HtVqc0t4fzRXwnMK70EcZeAs3PIddg=="
    },
    "node_modules/urijs": {
      "resolved": "src/main/frontend/uri/1.14.1",
      "link": true
    },
    "node_modules/zrender": {
      "version": "4.2.0",
      "resolved": "https://packages.atlassian.com/api/npm/npm-remote/zrender/-/zrender-4.2.0.tgz",
      "integrity": "sha1-0AEwLhVfKN4fn8f81cJUutKEcc8="
    },
    "src/main/frontend/cocktail/0.3.0": {
      "name": "backbone.cocktail",
      "version": "0.3.0",
      "license": "MIT"
    },
    "src/main/frontend/javascript-detect-element-resize/0.5.1": {
      "name": "javascript-detect-element-resize",
      "version": "0.5.1",
      "license": "MIT"
    },
    "src/main/frontend/jquery-aop/1.3": {
      "name": "jquery-aop",
      "version": "1.3.0",
      "license": "MIT"
    },
    "src/main/frontend/jquery.dragtable/2.0.4": {
      "name": "jquery.dragtable",
      "version": "2.0.4",
      "license": "MIT"
    },
    "src/main/frontend/jquery.effects/1.8rc3": {
      "name": "jquery-ui",
      "version": "1.8.0-rc3",
      "license": "MIT"
    },
    "src/main/frontend/jquery.flot/0.7": {
      "name": "flot",
      "version": "0.7.0",
      "license": "MIT"
    },
    "src/main/frontend/jquery.lazyload/1.8.0": {
      "name": "lazyload",
      "version": "1.8.0",
      "license": "MIT"
    },
    "src/main/frontend/jquery.pjax/2011.07.10": {
      "name": "jquery-pjax",
      "version": "0.7.0-20110710",
      "license": "MIT"
    },
    "src/main/frontend/jquery.scrollintoview/1.8": {
      "name": "jquery.scrollintoview",
      "version": "1.8.0",
      "license": "MIT"
    },
    "src/main/frontend/jquery.serializeobject/0.2": {
      "name": "jquery-misc",
      "version": "0.2.0",
      "license": "MIT"
    },
    "src/main/frontend/jquery.text-overflow/0.7.4": {
      "name": "jquery.text-overflow",
      "version": "0.7.4",
      "license": "BSD"
    },
    "src/main/frontend/marionette/1.4.1": {
      "name": "backbone.marionette",
      "version": "1.4.1",
      "license": "MIT"
    },
    "src/main/frontend/shifty/0.6.1": {
      "name": "shifty",
      "version": "0.6.1",
      "license": "MIT"
    },
    "src/main/frontend/uri/1.14.1": {
      "name": "urijs",
      "version": "1.14.1",
      "license": "MIT"
    }
  }
}