{
  "name": "@atlassian/dc.shared.atlassian-streams.aggregator-plugin",
  "version": "10.0.7-SNAPSHOT",
  "lockfileVersion": 3,
  "requires": true,
  "packages": {
    "": {
      "name": "@atlassian/dc.shared.atlassian-streams.aggregator-plugin",
      "version": "10.0.7-SNAPSHOT",
      "dependencies": {
        "chosen-js": "file:js-vendor/chosen-js",
        "jquery-ui": "1.12.1",
        "jquery.waitforimages": "file:js-vendor/jquery.waitforimages"
      },
      "devDependencies": {
        "copy-files-from-to": "3.11.0",
        "gulp": "5.0.0",
        "gulp-concat": "2.6.1",
        "patch-package": "8.0.0"
      }
    },
    "js-vendor/chosen-js": {
      "version": "0.9.1",
      "license": "MIT"
    },
    "js-vendor/jquery.waitforimages": {
      "version": "1.3.2",
      "license": "MIT"
    },
    "node_modules/chosen-js": {
      "resolved": "js-vendor/chosen-js",
      "link": true
    },
    "node_modules/jquery-ui": {
      "version": "1.12.1",
      "resolved": "https://packages.atlassian.com/api/npm/npm-remote/jquery-ui/-/jquery-ui-1.12.1.tgz",
      "integrity": "sha512-K/kDBMXkTky5LH+gqbMvttU1ipqCTaecKyAFjwHjUnPTVfm5I5PZC7We31iNR3yWtAHNqoxkLoit06lR/gKVlA=="
    },
    "node_modules/jquery.waitforimages": {
      "resolved": "js-vendor/jquery.waitforimages",
      "link": true
    }
  }
}