{
  "name": "@atlassian/atlassian-whisper-hermes",
  "version": "4.4.76",
  "lockfileVersion": 1,
  "requires": true,
  "dependencies": {
    "babel-polyfill": {
      "version": "6.26.0",
      "resolved": "https://packages.atlassian.com/api/npm/npm-remote/babel-polyfill/-/babel-polyfill-6.26.0.tgz",
      "integrity": "sha512-F2rZGQnAdaHWQ8YAoeRbukc7HS9QgdgeyJ0rQDd485v9opwuPvjpPFcOOT/WmkKTdgy9ESgSPXDcTNpzrGr6iQ==",
      "requires": {
        "babel-runtime": "^6.26.0",
        "core-js": "^2.5.0",
        "regenerator-runtime": "^0.10.5"
      }
    },
    "babel-runtime": {
      "version": "6.26.0",
      "resolved": "https://packages.atlassian.com/api/npm/npm-remote/babel-runtime/-/babel-runtime-6.26.0.tgz",
      "integrity": "sha512-ITKNuq2wKlW1fJg9sSW52eepoYgZBggvOAHC0u/CYu/qxQ9EVzThCgR69BnSXLHjy2f7SY5zaQ4yt7H9ZVxY2g==",
      "requires": {
        "core-js": "^2.4.0",
        "regenerator-runtime": "^0.11.0"
      },
      "dependencies": {
        "regenerator-runtime": {
          "version": "0.11.1",
          "resolved": "https://packages.atlassian.com/api/npm/npm-remote/regenerator-runtime/-/regenerator-runtime-0.11.1.tgz",
          "integrity": "sha512-MguG95oij0fC3QV3URf4V2SDYGJhJnJGqvIIgdECeODCT98wSWDAJ94SSuVpYQUoTcGUIL6L4yNB7j1DFFHSBg=="
        }
      }
    },
    "bowser": {
      "version": "1.4.6",
      "resolved": "https://packages.atlassian.com/api/npm/npm-remote/bowser/-/bowser-1.4.6.tgz",
      "integrity": "sha512-pxSftVlxFCLGtRhXx9m4P1y7fYAXILrLIWYJdoGhDs/gZlhMq6SAvrD/NH7u1YgDKf8AYkhCd9ycBVQqM1FyjQ=="
    },
    "core-js": {
      "version": "2.6.12",
      "resolved": "https://packages.atlassian.com/api/npm/npm-remote/core-js/-/core-js-2.6.12.tgz",
      "integrity": "sha512-Kb2wC0fvsWfQrgk8HU5lW6U/Lcs8+9aaYcy4ZFc6DDlo4nZ7n70dEgE5rtR0oG6ufKDUnrwfWL1mXR5ljDatrQ=="
    },
    "json-schema-traverse": {
      "version": "0.3.1",
      "resolved": "https://packages.atlassian.com/api/npm/npm-remote/json-schema-traverse/-/json-schema-traverse-0.3.1.tgz",
      "integrity": "sha512-4JD/Ivzg7PoW8NzdrBSr3UFwC9mHgvI7Z6z3QGBsSHgKaRTUDmyZAAKJo2UbG1kUVfS9WS8bi36N49U1xw43DA=="
    },
    "randombytes": {
      "version": "2.1.0",
      "resolved": "https://packages.atlassian.com/api/npm/npm-remote/randombytes/-/randombytes-2.1.0.tgz",
      "integrity": "sha512-vYl3iOX+4CKUWuxGi9Ukhie6fsqXqS9FE2Zaic4tNFD2N2QQaXOMFbuKK4QmDHC0JO6B1Zp41J0LpT0oR68amQ==",
      "requires": {
        "safe-buffer": "^5.1.0"
      }
    },
    "regenerator-runtime": {
      "version": "0.10.5",
      "resolved": "https://packages.atlassian.com/api/npm/npm-remote/regenerator-runtime/-/regenerator-runtime-0.10.5.tgz",
      "integrity": "sha512-02YopEIhAgiBHWeoTiA8aitHDt8z6w+rQqNuIftlM+ZtvSl/brTouaU7DW6GO/cHtvxJvS4Hwv2ibKdxIRi24w=="
    },
    "safe-buffer": {
      "version": "5.2.1",
      "resolved": "https://packages.atlassian.com/api/npm/npm-remote/safe-buffer/-/safe-buffer-5.2.1.tgz",
      "integrity": "sha512-rp3So07KcdmmKbGvgaNxQSJr7bGVSVk5S9Eq1F+ppbRo70+YeaDxkw5Dd8NPN+GD6bjnYm2VuPuCXmpuYvmCXQ=="
    },
    "serialize-javascript": {
      "version": "6.0.2",
      "resolved": "https://packages.atlassian.com/api/npm/npm-remote/serialize-javascript/-/serialize-javascript-6.0.2.tgz",
      "integrity": "sha512-Saa1xPByTTq2gdeFZYLLo+RFE35NHZkAbqZeWNd3BpzppeVisAqpDjcp8dyf6uIvEqJRd46jemmyA4iFIeVk8g==",
      "requires": {
        "randombytes": "^2.1.0"
      }
    },
    "tv4": {
      "version": "1.2.7",
      "resolved": "https://packages.atlassian.com/api/npm/npm-remote/tv4/-/tv4-1.2.7.tgz",
      "integrity": "sha512-7W00xKKK9ccSXbN8E1FUKe+PJKlQc3HcPRM1y9WnplFVucoWFBpTNCGJNMHG04+yf5lQKUKx71yt0mluqnbCzw=="
    },
    "underscore": {
      "version": "1.13.6",
      "resolved": "https://packages.atlassian.com/api/npm/npm-remote/underscore/-/underscore-1.13.6.tgz",
      "integrity": "sha512-+A5Sja4HP1M08MaXya7p5LvjuM7K6q/2EaC0+iovj/wOcMsTzMvDFbasi/oSapiwOlt252IqsKqPjCl7huKS0A=="
    },
    "whatwg-fetch": {
      "version": "2.0.3",
      "resolved": "https://packages.atlassian.com/api/npm/npm-remote/whatwg-fetch/-/whatwg-fetch-2.0.3.tgz",
      "integrity": "sha512-SA2KdOXATOroD3EBUYvcdugsusXS5YiQFqwskSbsp5b1gK8HpNi/YP0jcy/BDpdllp305HMnrsVf9K7Be9GiEQ=="
    },
    "yaku": {
      "version": "0.17.8",
      "resolved": "https://packages.atlassian.com/api/npm/npm-remote/yaku/-/yaku-0.17.8.tgz",
      "integrity": "sha512-EDS4WyA/687Sk/pCJPRpnjZeBRVD2t/Cu11lQD3i+3oMMKcPSRv2w0kuRU97dmdAuWzDs0AShnrof1I3jw+tlg=="
    }
  }
}