{
  "name": "@atlassian/dc.jira.jira-fileviewer-plugin",
  "version": "8.1.4",
  "lockfileVersion": 1,
  "requires": true,
  "dependencies": {
    "@atlassian/fileviewer": {
      "version": "1.5.1",
      "resolved": "https://packages.atlassian.com/api/npm/atlassian-npm/@atlassian/fileviewer/-/@atlassian/fileviewer-1.5.1.tgz",
      "integrity": "sha512-HvmdMw9ZWht4CDlUInfHZxadU37rxybDtGfZrVqUlmNhIgK14ZjmyN4lH9wOOUxKaO6wNjW6IvWY1qMeu17Nlg=="
    },
    "node-ensure": {
      "version": "0.0.0",
      "resolved": "https://packages.atlassian.com/api/npm/npm-remote/node-ensure/-/node-ensure-0.0.0.tgz",
      "integrity": "sha512-DRI60hzo2oKN1ma0ckc6nQWlHU69RH6xN0sjQTjMpChPfTYvKZdcQFfdYK2RWbJcKyUizSIy/l8OTGxMAM1QDw=="
    },
    "pdfjs-dist": {
      "version": "1.6.210",
      "resolved": "https://packages.atlassian.com/api/npm/npm-remote/pdfjs-dist/-/pdfjs-dist-1.6.210.tgz",
      "integrity": "sha512-a0LQKO/cYI2y5YoicUUiNCQLPVosNE4CWc/MXY0UmbP0GMpvWF+Y66nQopP46FjdblHRO5bNNMtnifNWdjIL3A==",
      "requires": {
        "node-ensure": "^0.0.0"
      }
    }
  }
}