{
  "name": "@atlassian/dc.atlassian-wallboard-plugin",
  "version": "7.0.3",
  "lockfileVersion": 3,
  "requires": true,
  "packages": {
    "": {
      "name": "@atlassian/dc.atlassian-wallboard-plugin",
      "version": "7.0.3",
      "hasInstallScript": true,
      "dependencies": {
        "jquery-cycle": "./src/main/frontend/jquery-cycle"
      },
      "devDependencies": {
        "copy-files-from-to": "^3.11.0",
        "minify": "^11.4.0",
        "patch-package": "^8.0.0"
      }
    },
    "node_modules/jquery-cycle": {
      "resolved": "src/main/frontend/jquery-cycle",
      "link": true
    },
    "src/main/frontend/jquery-cycle": {
      "version": "2.72.0",
      "license": "(GPL-3.0 OR MIT)"
    },
    "src/main/resources/jquery-cycle": {
      "version": "2.72.0",
      "extraneous": true,
      "license": "(GPL-3.0 OR MIT)"
    }
  }
}