{
  "name": "@atlassian/dc.atlassian-soy-templates.soy-template-plugin",
  "lockfileVersion": 3,
  "requires": true,
  "packages": {
    "": {
      "name": "@atlassian/dc.atlassian-soy-templates.soy-template-plugin",
      "dependencies": {
        "@atlassian/dc.shared.closure-templates": "file:src/main/frontend/closure-templates"
      },
      "devDependencies": {
        "copy-files-from-to": "^3.9.1"
      }
    },
    "node_modules/@atlassian/dc.shared.closure-templates": {
      "resolved": "src/main/frontend/closure-templates",
      "link": true
    },
    "src/main/frontend/closure-templates": {
      "license": "Apache-2.0"
    }
  }
}