{
  "name": "jira-workflow-designer",
  "version": "10.0.5",
  "lockfileVersion": 3,
  "requires": true,
  "packages": {
    "": {
      "name": "jira-workflow-designer",
      "version": "10.0.5",
      "hasInstallScript": true,
      "dependencies": {
        "backbone.cocktail": "file:src/main/frontend/cocktail/0.3.0",
        "draw2d": "file:src/main/frontend/draw2d/0.2013.5/",
        "eve": "0.2.4",
        "jshint": "file:src/main/frontend/jshint/1.0.0",
        "raphael": "2.1.0",
        "shifty": "file:src/main/frontend/shifty/0.6.1"
      },
      "devDependencies": {
        "casperjs": "~1.1.3",
        "copy-files-from-to": "^3.11.0",
        "grunt": "~0.4.1",
        "grunt-cli": "~0.1.9",
        "grunt-contrib-jshint": "~0.7.2",
        "grunt-contrib-watch": "~0.5.3",
        "grunt-jsdoc": "~0.4.0",
        "grunt-notify": "~0.2.13",
        "grunt-shell": "~0.4.0",
        "patch-package": "^8.0.0"
      }
    },
    "node_modules/backbone.cocktail": {
      "resolved": "src/main/frontend/cocktail/0.3.0",
      "link": true
    },
    "node_modules/draw2d": {
      "resolved": "src/main/frontend/draw2d/0.2013.5",
      "link": true
    },
    "node_modules/eve": {
      "version": "0.2.4",
      "resolved": "https://packages.atlassian.com/api/npm/npm-remote/eve/-/eve-0.2.4.tgz",
      "integrity": "sha512-Dkmc6n1pDQjVgtU4uG8jPOSawe1RhI10cyx81VDw2EXmaFnU/I24ybN+bUpqcXpKfa0SXvN7Sh7zw+oncmHE7A==",
      "engines": {
        "node": "*"
      }
    },
    "node_modules/jshint": {
      "resolved": "src/main/frontend/jshint/1.0.0",
      "link": true
    },
    "node_modules/raphael": {
      "version": "2.1.0",
      "resolved": "https://packages.atlassian.com/api/npm/npm-remote/raphael/-/raphael-2.1.0.tgz",
      "integrity": "sha512-wTFXLahb0MvrYqCcTMvVcyN6yUVpqXk3bc8iJpwDMSpkrEWnOLEfQjehSfK8JGMEF3wPOJCPWXQIs9XllzfqcA==",
      "dependencies": {
        "eve": "git://github.com/adobe-webplatform/eve.git#eef80ed"
      }
    },
    "node_modules/raphael/node_modules/eve": {
      "version": "0.4.1",
      "resolved": "git+ssh://git@github.com/adobe-webplatform/eve.git#eef80ed8d188423c2272746fb8ae5cc8dad84cb1"
    },
    "node_modules/shifty": {
      "resolved": "src/main/frontend/shifty/0.6.1",
      "link": true
    },
    "src/main/frontend/cocktail/0.3.0": {
      "name": "backbone.cocktail",
      "version": "0.3.0",
      "license": "MIT"
    },
    "src/main/frontend/draw2d/0.2013.5": {
      "name": "draw2d",
      "version": "0.2013.5",
      "license": "MIT"
    },
    "src/main/frontend/jshint/1.0.0": {
      "name": "jshint",
      "version": "1.0.0",
      "license": "MIT"
    },
    "src/main/frontend/shifty/0.6.1": {
      "name": "shifty",
      "version": "0.6.1",
      "license": "MIT"
    }
  }
}